
Microsoft Visual Studio Solution File, Format Version 12.00
# Visual Studio Version 17
VisualStudioVersion = 17.4.33213.308
MinimumVisualStudioVersion = 10.0.40219.1
Project("{FAE04EC0-301F-11D3-BF4B-00C04F79EFBC}") = "Week3IfandSwitch", "Week3IfandSwitch\Week3IfandSwitch.csproj", "{9D7ACB13-DC5E-476D-8165-BC8420F67B02}"
EndProject
Project("{FAE04EC0-301F-11D3-BF4B-00C04F79EFBC}") = "OddOrEven", "OddOrEven\OddOrEven.csproj", "{C10F875C-A62A-472E-8BD6-A40E1A9F07FF}"
EndProject
Project("{FAE04EC0-301F-11D3-BF4B-00C04F79EFBC}") = "IfDayOfTheWeek", "IfDayOfTheWeek\IfDayOfTheWeek.csproj", "{6BC3AF9E-BBA3-4361-8BC0-834BBCFAFF2E}"
EndProject
Project("{FAE04EC0-301F-11D3-BF4B-00C04F79EFBC}") = "SwitchDayOfTheWeek", "SwitchDayOfTheWeek\SwitchDayOfTheWeek.csproj", "{1D990346-CE33-40B7-AE6D-F0AD89E3AE79}"
EndProject
Global
	GlobalSection(SolutionConfigurationPlatforms) = preSolution
		Debug|Any CPU = Debug|Any CPU
		Release|Any CPU = Release|Any CPU
	EndGlobalSection
	GlobalSection(ProjectConfigurationPlatforms) = postSolution
		{9D7ACB13-DC5E-476D-8165-BC8420F67B02}.Debug|Any CPU.ActiveCfg = Debug|Any CPU
		{9D7ACB13-DC5E-476D-8165-BC8420F67B02}.Debug|Any CPU.Build.0 = Debug|Any CPU
		{9D7ACB13-DC5E-476D-8165-BC8420F67B02}.Release|Any CPU.ActiveCfg = Release|Any CPU
		{9D7ACB13-DC5E-476D-8165-BC8420F67B02}.Release|Any CPU.Build.0 = Release|Any CPU
		{C10F875C-A62A-472E-8BD6-A40E1A9F07FF}.Debug|Any CPU.ActiveCfg = Debug|Any CPU
		{C10F875C-A62A-472E-8BD6-A40E1A9F07FF}.Debug|Any CPU.Build.0 = Debug|Any CPU
		{C10F875C-A62A-472E-8BD6-A40E1A9F07FF}.Release|Any CPU.ActiveCfg = Release|Any CPU
		{C10F875C-A62A-472E-8BD6-A40E1A9F07FF}.Release|Any CPU.Build.0 = Release|Any CPU
		{6BC3AF9E-BBA3-4361-8BC0-834BBCFAFF2E}.Debug|Any CPU.ActiveCfg = Debug|Any CPU
		{6BC3AF9E-BBA3-4361-8BC0-834BBCFAFF2E}.Debug|Any CPU.Build.0 = Debug|Any CPU
		{6BC3AF9E-BBA3-4361-8BC0-834BBCFAFF2E}.Release|Any CPU.ActiveCfg = Release|Any CPU
		{6BC3AF9E-BBA3-4361-8BC0-834BBCFAFF2E}.Release|Any CPU.Build.0 = Release|Any CPU
		{1D990346-CE33-40B7-AE6D-F0AD89E3AE79}.Debug|Any CPU.ActiveCfg = Debug|Any CPU
		{1D990346-CE33-40B7-AE6D-F0AD89E3AE79}.Debug|Any CPU.Build.0 = Debug|Any CPU
		{1D990346-CE33-40B7-AE6D-F0AD89E3AE79}.Release|Any CPU.ActiveCfg = Release|Any CPU
		{1D990346-CE33-40B7-AE6D-F0AD89E3AE79}.Release|Any CPU.Build.0 = Release|Any CPU
	EndGlobalSection
	GlobalSection(SolutionProperties) = preSolution
		HideSolutionNode = FALSE
	EndGlobalSection
	GlobalSection(ExtensibilityGlobals) = postSolution
		SolutionGuid = {01A18C25-3C53-4082-BD5F-4CA3184A5584}
	EndGlobalSection
EndGlobal
